
Microsoft Visual Studio Solution File, Format Version 12.00
# Visual Studio 2013
VisualStudioVersion = 12.0.31101.0
MinimumVisualStudioVersion = 10.0.40219.1
Project("{FAE04EC0-301F-11D3-BF4B-00C04F79EFBC}") = "Destructurama.Attributed", "src\Destructurama.Attributed\Destructurama.Attributed.csproj", "{A79F906E-0298-49DC-93EC-CE4F1F5D13E2}"
EndProject
Project("{FAE04EC0-301F-11D3-BF4B-00C04F79EFBC}") = "Destructurama.Attributed.Tests", "test\Destructurama.Attributed.Tests\Destructurama.Attributed.Tests.csproj", "{182ECDA3-A97D-4BB6-BC6F-60A137478B92}"
EndProject
Global
	GlobalSection(SolutionConfigurationPlatforms) = preSolution
		Debug|Any CPU = Debug|Any CPU
		Release|Any CPU = Release|Any CPU
	EndGlobalSection
	GlobalSection(ProjectConfigurationPlatforms) = postSolution
		{A79F906E-0298-49DC-93EC-CE4F1F5D13E2}.Debug|Any CPU.ActiveCfg = Debug|Any CPU
		{A79F906E-0298-49DC-93EC-CE4F1F5D13E2}.Debug|Any CPU.Build.0 = Debug|Any CPU
		{A79F906E-0298-49DC-93EC-CE4F1F5D13E2}.Release|Any CPU.ActiveCfg = Release|Any CPU
		{A79F906E-0298-49DC-93EC-CE4F1F5D13E2}.Release|Any CPU.Build.0 = Release|Any CPU
		{182ECDA3-A97D-4BB6-BC6F-60A137478B92}.Debug|Any CPU.ActiveCfg = Debug|Any CPU
		{182ECDA3-A97D-4BB6-BC6F-60A137478B92}.Debug|Any CPU.Build.0 = Debug|Any CPU
		{182ECDA3-A97D-4BB6-BC6F-60A137478B92}.Release|Any CPU.ActiveCfg = Release|Any CPU
		{182ECDA3-A97D-4BB6-BC6F-60A137478B92}.Release|Any CPU.Build.0 = Release|Any CPU
	EndGlobalSection
	GlobalSection(SolutionProperties) = preSolution
		HideSolutionNode = FALSE
	EndGlobalSection
EndGlobal
