
Microsoft Visual Studio Solution File, Format Version 12.00
# Visual Studio Version 17
VisualStudioVersion = 17.8.34330.188
MinimumVisualStudioVersion = 10.0.40219.1
Project("{2150E333-8FDC-42A3-9474-1A3956D46DE8}") = "Solution Items", "Solution Items", "{446E3BA7-97CF-43CF-B708-78C51EB45FC9}"
	ProjectSection(SolutionItems) = preProject
		..\.editorconfig = ..\.editorconfig
		..\.gitattributes = ..\.gitattributes
		..\.gitignore = ..\.gitignore
		..\CHANGES.md = ..\CHANGES.md
		..\assets\Destructurama.snk = ..\assets\Destructurama.snk
		Directory.Build.props = Directory.Build.props
		..\assets\icon.png = ..\assets\icon.png
		..\LICENSE = ..\LICENSE
		..\mdsnippets.json = ..\mdsnippets.json
		..\README.md = ..\README.md
	EndProjectSection
EndProject
Project("{2150E333-8FDC-42A3-9474-1A3956D46DE8}") = ".github", ".github", "{36896219-827B-40F7-B74E-FA02C5454361}"
	ProjectSection(SolutionItems) = preProject
		..\.github\codecov.yml = ..\.github\codecov.yml
		..\.github\dependabot.yml = ..\.github\dependabot.yml
		..\.github\labeler.yml = ..\.github\labeler.yml
	EndProjectSection
EndProject
Project("{2150E333-8FDC-42A3-9474-1A3956D46DE8}") = "ISSUE_TEMPLATE", "ISSUE_TEMPLATE", "{5E865875-D5D8-4308-86B2-8035BDDB7833}"
	ProjectSection(SolutionItems) = preProject
		..\.github\ISSUE_TEMPLATE\bug_report.md = ..\.github\ISSUE_TEMPLATE\bug_report.md
		..\.github\ISSUE_TEMPLATE\feature_request.md = ..\.github\ISSUE_TEMPLATE\feature_request.md
	EndProjectSection
EndProject
Project("{2150E333-8FDC-42A3-9474-1A3956D46DE8}") = "workflows", "workflows", "{14AB42BE-7411-4195-B734-EAB658BE1ED1}"
	ProjectSection(SolutionItems) = preProject
		..\.github\workflows\benchmarks.yml = ..\.github\workflows\benchmarks.yml
		..\.github\workflows\codeql-analysis.yml = ..\.github\workflows\codeql-analysis.yml
		..\.github\workflows\label.yml = ..\.github\workflows\label.yml
		..\.github\workflows\publish-preview.yml = ..\.github\workflows\publish-preview.yml
		..\.github\workflows\publish-release.yml = ..\.github\workflows\publish-release.yml
		..\.github\workflows\stale.yml = ..\.github\workflows\stale.yml
		..\.github\workflows\test.yml = ..\.github\workflows\test.yml
	EndProjectSection
EndProject
Project("{9A19103F-16F7-4668-BE54-9A1E7A4F7556}") = "Destructurama.Attributed", "Destructurama.Attributed\Destructurama.Attributed.csproj", "{1F52A6F8-BE51-4648-9EDB-ADEC23E1C1C8}"
EndProject
Project("{9A19103F-16F7-4668-BE54-9A1E7A4F7556}") = "Destructurama.Attributed.Tests", "Destructurama.Attributed.Tests\Destructurama.Attributed.Tests.csproj", "{293201F5-761A-47AC-B6B0-98734CA6B4A2}"
EndProject
Project("{9A19103F-16F7-4668-BE54-9A1E7A4F7556}") = "Benchmarks", "Benchmarks\Benchmarks.csproj", "{27515D99-8216-423E-B12A-0150101A2C19}"
EndProject
Global
	GlobalSection(SolutionConfigurationPlatforms) = preSolution
		Debug|Any CPU = Debug|Any CPU
		Release|Any CPU = Release|Any CPU
	EndGlobalSection
	GlobalSection(ProjectConfigurationPlatforms) = postSolution
		{1F52A6F8-BE51-4648-9EDB-ADEC23E1C1C8}.Debug|Any CPU.ActiveCfg = Debug|Any CPU
		{1F52A6F8-BE51-4648-9EDB-ADEC23E1C1C8}.Debug|Any CPU.Build.0 = Debug|Any CPU
		{1F52A6F8-BE51-4648-9EDB-ADEC23E1C1C8}.Release|Any CPU.ActiveCfg = Release|Any CPU
		{1F52A6F8-BE51-4648-9EDB-ADEC23E1C1C8}.Release|Any CPU.Build.0 = Release|Any CPU
		{293201F5-761A-47AC-B6B0-98734CA6B4A2}.Debug|Any CPU.ActiveCfg = Debug|Any CPU
		{293201F5-761A-47AC-B6B0-98734CA6B4A2}.Debug|Any CPU.Build.0 = Debug|Any CPU
		{293201F5-761A-47AC-B6B0-98734CA6B4A2}.Release|Any CPU.ActiveCfg = Release|Any CPU
		{293201F5-761A-47AC-B6B0-98734CA6B4A2}.Release|Any CPU.Build.0 = Release|Any CPU
		{27515D99-8216-423E-B12A-0150101A2C19}.Debug|Any CPU.ActiveCfg = Debug|Any CPU
		{27515D99-8216-423E-B12A-0150101A2C19}.Debug|Any CPU.Build.0 = Debug|Any CPU
		{27515D99-8216-423E-B12A-0150101A2C19}.Release|Any CPU.ActiveCfg = Release|Any CPU
		{27515D99-8216-423E-B12A-0150101A2C19}.Release|Any CPU.Build.0 = Release|Any CPU
	EndGlobalSection
	GlobalSection(SolutionProperties) = preSolution
		HideSolutionNode = FALSE
	EndGlobalSection
	GlobalSection(NestedProjects) = preSolution
		{5E865875-D5D8-4308-86B2-8035BDDB7833} = {36896219-827B-40F7-B74E-FA02C5454361}
		{14AB42BE-7411-4195-B734-EAB658BE1ED1} = {36896219-827B-40F7-B74E-FA02C5454361}
	EndGlobalSection
	GlobalSection(ExtensibilityGlobals) = postSolution
		SolutionGuid = {F09D8B7B-37C6-417E-B8DA-296735211A4E}
	EndGlobalSection
EndGlobal
